
Microsoft Visual Studio Solution File, Format Version 12.00
# Visual Studio Version 16
VisualStudioVersion = 16.0.30128.74
MinimumVisualStudioVersion = 10.0.40219.1
Project("{FAE04EC0-301F-11D3-BF4B-00C04F79EFBC}") = "LearningNewWords", "LearningNewWords\LearningNewWords.csproj", "{3597A333-506C-4081-BC96-33C22C4E64CE}"
EndProject
Global
	GlobalSection(SolutionConfigurationPlatforms) = preSolution
		Debug|Any CPU = Debug|Any CPU
		Release|Any CPU = Release|Any CPU
	EndGlobalSection
	GlobalSection(ProjectConfigurationPlatforms) = postSolution
		{3597A333-506C-4081-BC96-33C22C4E64CE}.Debug|Any CPU.ActiveCfg = Debug|Any CPU
		{3597A333-506C-4081-BC96-33C22C4E64CE}.Debug|Any CPU.Build.0 = Debug|Any CPU
		{3597A333-506C-4081-BC96-33C22C4E64CE}.Release|Any CPU.ActiveCfg = Release|Any CPU
		{3597A333-506C-4081-BC96-33C22C4E64CE}.Release|Any CPU.Build.0 = Release|Any CPU
	EndGlobalSection
	GlobalSection(SolutionProperties) = preSolution
		HideSolutionNode = FALSE
	EndGlobalSection
	GlobalSection(ExtensibilityGlobals) = postSolution
		SolutionGuid = {CE6D286F-74B7-411F-AA5E-F2E01B806AFF}
	EndGlobalSection
EndGlobal
